<?xml version="1.0" encoding="utf-8"?>
<Project ToolsVersion="4.0" xmlns="http://schemas.microsoft.com/developer/msbuild/2003">
  <ItemGroup>
    <ClCompile Include="Source\Log.cpp">
      <Filter>Utils</Filter>
    </ClCompile>
    <ClCompile Include="Source\External\PugiXml\src\pugixml.cpp">
      <Filter>External\PugiXml</Filter>
    </ClCompile>
    <ClCompile Include="Source\App.cpp">
      <Filter>Headers</Filter>
    </ClCompile>
    <ClCompile Include="Source\Audio.cpp">
      <Filter>Headers</Filter>
    </ClCompile>
    <ClCompile Include="Source\Collider.cpp">
      <Filter>Headers</Filter>
    </ClCompile>
    <ClCompile Include="Source\Main.cpp">
      <Filter>Headers</Filter>
    </ClCompile>
    <ClCompile Include="Source\Input.cpp">
      <Filter>Headers</Filter>
    </ClCompile>
    <ClCompile Include="Source\ModuleEnemies.cpp">
      <Filter>Headers</Filter>
    </ClCompile>
    <ClCompile Include="Source\ModuleCollisions.cpp">
      <Filter>Headers</Filter>
    </ClCompile>
    <ClCompile Include="Source\Map.cpp">
      <Filter>Headers</Filter>
    </ClCompile>
    <ClCompile Include="Source\Window.cpp">
      <Filter>Headers</Filter>
    </ClCompile>
    <ClCompile Include="Source\Timer.cpp">
      <Filter>Headers</Filter>
    </ClCompile>
    <ClCompile Include="Source\Textures.cpp">
      <Filter>Headers</Filter>
    </ClCompile>
    <ClCompile Include="Source\Player.cpp">
      <Filter>Headers</Filter>
    </ClCompile>
    <ClCompile Include="Source\Render.cpp">
      <Filter>Headers</Filter>
    </ClCompile>
    <ClCompile Include="Source\Scene.cpp">
      <Filter>Headers</Filter>
    </ClCompile>
    <ClCompile Include="Source\PerfTimer.cpp">
      <Filter>Headers</Filter>
    </ClCompile>
    <ClCompile Include="Source\Pathfinding.cpp">
      <Filter>Headers</Filter>
    </ClCompile>
    <ClCompile Include="Source\ModuleParticles.cpp">
      <Filter>Headers</Filter>
    </ClCompile>
    <ClCompile Include="Source\Particle.cpp">
      <Filter>Headers</Filter>
    </ClCompile>
  </ItemGroup>
  <ItemGroup>
    <ClInclude Include="Source\Defs.h">
      <Filter>Utils</Filter>
    </ClInclude>
    <ClInclude Include="Source\DynArray.h">
      <Filter>Utils</Filter>
    </ClInclude>
    <ClInclude Include="Source\List.h">
      <Filter>Utils</Filter>
    </ClInclude>
    <ClInclude Include="Source\Log.h">
      <Filter>Utils</Filter>
    </ClInclude>
    <ClInclude Include="Source\Point.h">
      <Filter>Utils</Filter>
    </ClInclude>
    <ClInclude Include="Source\SString.h">
      <Filter>Utils</Filter>
    </ClInclude>
    <ClInclude Include="Source\External\PugiXml\src\pugiconfig.hpp">
      <Filter>External\PugiXml</Filter>
    </ClInclude>
    <ClInclude Include="Source\External\PugiXml\src\pugixml.hpp">
      <Filter>External\PugiXml</Filter>
    </ClInclude>
    <ClInclude Include="Source\Window.h">
      <Filter>Headers</Filter>
    </ClInclude>
    <ClInclude Include="Source\Animation.h">
      <Filter>Origin</Filter>
    </ClInclude>
    <ClInclude Include="Source\Timer.h">
      <Filter>Origin</Filter>
    </ClInclude>
    <ClInclude Include="Source\Textures.h">
      <Filter>Origin</Filter>
    </ClInclude>
    <ClInclude Include="Source\Render.h">
      <Filter>Origin</Filter>
    </ClInclude>
    <ClInclude Include="Source\Scene.h">
      <Filter>Origin</Filter>
    </ClInclude>
    <ClInclude Include="Source\Player.h">
      <Filter>Origin</Filter>
    </ClInclude>
    <ClInclude Include="Source\PerfTimer.h">
      <Filter>Origin</Filter>
    </ClInclude>
    <ClInclude Include="Source\ModuleEnemies.h">
      <Filter>Origin</Filter>
    </ClInclude>
    <ClInclude Include="Source\ModuleCollisions.h">
      <Filter>Origin</Filter>
    </ClInclude>
    <ClInclude Include="Source\Module.h">
      <Filter>Origin</Filter>
    </ClInclude>
    <ClInclude Include="Source\Map.h">
      <Filter>Origin</Filter>
    </ClInclude>
    <ClInclude Include="Source\Input.h">
      <Filter>Origin</Filter>
    </ClInclude>
    <ClInclude Include="Source\Collider.h">
      <Filter>Origin</Filter>
    </ClInclude>
    <ClInclude Include="Source\Audio.h">
      <Filter>Origin</Filter>
    </ClInclude>
    <ClInclude Include="Source\App.h">
      <Filter>Origin</Filter>
    </ClInclude>
    <ClInclude Include="Source\Pathfinding.h">
      <Filter>Origin</Filter>
    </ClInclude>
    <ClInclude Include="Source\ModuleParticles.h">
      <Filter>Origin</Filter>
    </ClInclude>
    <ClInclude Include="Source\Particle.h">
      <Filter>Origin</Filter>
    </ClInclude>
  </ItemGroup>
  <ItemGroup>
    <Filter Include="External">
      <UniqueIdentifier>{83a966c7-b4bb-4eff-9c2c-3ff3c7b55a60}</UniqueIdentifier>
    </Filter>
    <Filter Include="Utils">
      <UniqueIdentifier>{2cad778a-d356-48b0-9fee-587f1bbb187e}</UniqueIdentifier>
    </Filter>
    <Filter Include="External\PugiXml">
      <UniqueIdentifier>{2855ff7f-53a1-413d-a75b-18b4ade921dd}</UniqueIdentifier>
    </Filter>
    <Filter Include="Headers">
      <UniqueIdentifier>{0a719544-16a2-40c1-933b-48e087078797}</UniqueIdentifier>
    </Filter>
    <Filter Include="Origin">
      <UniqueIdentifier>{98b5cf05-7ec3-41d8-bc64-89b3d10d6d2f}</UniqueIdentifier>
    </Filter>
  </ItemGroup>
</Project>